# This file is generated by running "yarn install" inside your project.
# Manual changes might be lost - proceed with caution!

__metadata:
  version: 5

"qam-backend@workspace:qam-backend":
  version: 0.0.0-use.local
  resolution: "qam-backend@workspace:qam-backend"
  languageName: unknown
  linkType: soft

"qam@workspace:.":
  version: 0.0.0-use.local
  resolution: "qam@workspace:."
  languageName: unknown
  linkType: soft
